
Microsoft Visual Studio Solution File, Format Version 12.00
# Visual Studio Version 17
VisualStudioVersion = 17.3.32819.101
MinimumVisualStudioVersion = 10.0.40219.1
Project("{FAE04EC0-301F-11D3-BF4B-00C04F79EFBC}") = "AzureGraphExamples", "AzureGraphExamples\AzureGraphExamples.csproj", "{8BB384B7-15F5-412A-B9CB-F2E18D8E4E4B}"
EndProject
Project("{FAE04EC0-301F-11D3-BF4B-00C04F79EFBC}") = "AzureGraphExamples.Tests", "AzureGraphExamples.Tests\AzureGraphExamples.Tests.csproj", "{32EEEF8B-3264-440F-9019-1C029F55D1B6}"
EndProject
Project("{FAE04EC0-301F-11D3-BF4B-00C04F79EFBC}") = "AzureGraphExamples.Services", "AzureGraphExamples.Services\AzureGraphExamples.Services.csproj", "{06B19724-9FBC-480D-B268-1B8E7C0E0DD4}"
EndProject
Global
	GlobalSection(SolutionConfigurationPlatforms) = preSolution
		Debug|Any CPU = Debug|Any CPU
		Release|Any CPU = Release|Any CPU
	EndGlobalSection
	GlobalSection(ProjectConfigurationPlatforms) = postSolution
		{8BB384B7-15F5-412A-B9CB-F2E18D8E4E4B}.Debug|Any CPU.ActiveCfg = Debug|Any CPU
		{8BB384B7-15F5-412A-B9CB-F2E18D8E4E4B}.Debug|Any CPU.Build.0 = Debug|Any CPU
		{8BB384B7-15F5-412A-B9CB-F2E18D8E4E4B}.Release|Any CPU.ActiveCfg = Release|Any CPU
		{8BB384B7-15F5-412A-B9CB-F2E18D8E4E4B}.Release|Any CPU.Build.0 = Release|Any CPU
		{32EEEF8B-3264-440F-9019-1C029F55D1B6}.Debug|Any CPU.ActiveCfg = Debug|Any CPU
		{32EEEF8B-3264-440F-9019-1C029F55D1B6}.Debug|Any CPU.Build.0 = Debug|Any CPU
		{32EEEF8B-3264-440F-9019-1C029F55D1B6}.Release|Any CPU.ActiveCfg = Release|Any CPU
		{32EEEF8B-3264-440F-9019-1C029F55D1B6}.Release|Any CPU.Build.0 = Release|Any CPU
		{06B19724-9FBC-480D-B268-1B8E7C0E0DD4}.Debug|Any CPU.ActiveCfg = Debug|Any CPU
		{06B19724-9FBC-480D-B268-1B8E7C0E0DD4}.Debug|Any CPU.Build.0 = Debug|Any CPU
		{06B19724-9FBC-480D-B268-1B8E7C0E0DD4}.Release|Any CPU.ActiveCfg = Release|Any CPU
		{06B19724-9FBC-480D-B268-1B8E7C0E0DD4}.Release|Any CPU.Build.0 = Release|Any CPU
	EndGlobalSection
	GlobalSection(SolutionProperties) = preSolution
		HideSolutionNode = FALSE
	EndGlobalSection
	GlobalSection(ExtensibilityGlobals) = postSolution
		SolutionGuid = {794A2123-01C9-4939-9B7A-9149CE243DE2}
	EndGlobalSection
EndGlobal
